
Microsoft Visual Studio Solution File, Format Version 12.00
# Visual Studio Version 16
VisualStudioVersion = 16.0.31702.278
MinimumVisualStudioVersion = 10.0.40219.1
Project("{FAE04EC0-301F-11D3-BF4B-00C04F79EFBC}") = "RestaurantMenu", "RestaurantMenu\RestaurantMenu.csproj", "{A155D4B1-9572-40ED-A3AE-689204DCC0DF}"
EndProject
Global
	GlobalSection(SolutionConfigurationPlatforms) = preSolution
		Debug|Any CPU = Debug|Any CPU
		Release|Any CPU = Release|Any CPU
	EndGlobalSection
	GlobalSection(ProjectConfigurationPlatforms) = postSolution
		{A155D4B1-9572-40ED-A3AE-689204DCC0DF}.Debug|Any CPU.ActiveCfg = Debug|Any CPU
		{A155D4B1-9572-40ED-A3AE-689204DCC0DF}.Debug|Any CPU.Build.0 = Debug|Any CPU
		{A155D4B1-9572-40ED-A3AE-689204DCC0DF}.Release|Any CPU.ActiveCfg = Release|Any CPU
		{A155D4B1-9572-40ED-A3AE-689204DCC0DF}.Release|Any CPU.Build.0 = Release|Any CPU
	EndGlobalSection
	GlobalSection(SolutionProperties) = preSolution
		HideSolutionNode = FALSE
	EndGlobalSection
	GlobalSection(ExtensibilityGlobals) = postSolution
		SolutionGuid = {2C7531CE-A1F2-4CC3-935B-2967F9732F72}
	EndGlobalSection
EndGlobal
